
Microsoft Visual Studio Solution File, Format Version 11.00
# Visual Studio 2010
Project("{FAE04EC0-301F-11D3-BF4B-00C04F79EFBC}") = "Calculator", "Calculator\Calculator.csproj", "{CD610091-1F6F-4C5C-9A92-1E5591FAA020}"
EndProject
Global
	GlobalSection(SolutionConfigurationPlatforms) = preSolution
		Debug|x86 = Debug|x86
		Release|x86 = Release|x86
	EndGlobalSection
	GlobalSection(ProjectConfigurationPlatforms) = postSolution
		{CD610091-1F6F-4C5C-9A92-1E5591FAA020}.Debug|x86.ActiveCfg = Debug|x86
		{CD610091-1F6F-4C5C-9A92-1E5591FAA020}.Debug|x86.Build.0 = Debug|x86
		{CD610091-1F6F-4C5C-9A92-1E5591FAA020}.Release|x86.ActiveCfg = Release|x86
		{CD610091-1F6F-4C5C-9A92-1E5591FAA020}.Release|x86.Build.0 = Release|x86
	EndGlobalSection
	GlobalSection(SolutionProperties) = preSolution
		HideSolutionNode = FALSE
	EndGlobalSection
EndGlobal
